{
    "name": "com.inscripts.cometchatsample",
    "version": "1.0.0",
    "lockfileVersion": 1,
    "requires": true,
    "dependencies": {
        "cordova-plugin-cccometchat": {
            "version": "7.9.1",
            "resolved": "https://registry.npmjs.org/cordova-plugin-cccometchat/-/cordova-plugin-cccometchat-7.9.1.tgz",
            "integrity": "sha512-TFFqjNg65eR05i1uExSyVtUvNM7kuOdt21zr+fVsBcRJY4MDoFAnuRfssbOltlB1h47hlYSiMPMpnaveXZ9aFQ=="
        },
        "cordova-plugin-firebase": {
            "version": "1.0.5",
            "resolved": "https://registry.npmjs.org/cordova-plugin-firebase/-/cordova-plugin-firebase-1.0.5.tgz",
            "integrity": "sha1-s3swFRRnCbvMwN/IGEYZCbOM7Io="
        },
        "cordova-plugin-whitelist": {
            "version": "1.3.3",
            "resolved": "https://registry.npmjs.org/cordova-plugin-whitelist/-/cordova-plugin-whitelist-1.3.3.tgz",
            "integrity": "sha1-tehezbv+Wu3tQKG/TuI3LmfZb7Q="
        }
    }
}
